// !$*UTF8*$!
{
	archiveVersion = 1;
	classes = {
	};
	objectVersion = 46;
	objects = {

/* Begin PBXBuildFile section */
		1B00251D20102F5E00627FB8 /* AppDelegate.swift in Sources */ = {isa = PBXBuildFile; fileRef = 1B00251C20102F5E00627FB8 /* AppDelegate.swift */; };
		1B00251F20102F5E00627FB8 /* ViewController.swift in Sources */ = {isa = PBXBuildFile; fileRef = 1B00251E20102F5E00627FB8 /* ViewController.swift */; };
		1B00252220102F5E00627FB8 /* Main.storyboard in Resources */ = {isa = PBXBuildFile; fileRef = 1B00252020102F5E00627FB8 /* Main.storyboard */; };
		1B00252420102F5E00627FB8 /* Assets.xcassets in Resources */ = {isa = PBXBuildFile; fileRef = 1B00252320102F5E00627FB8 /* Assets.xcassets */; };
		1B00252720102F5E00627FB8 /* LaunchScreen.storyboard in Resources */ = {isa = PBXBuildFile; fileRef = 1B00252520102F5E00627FB8 /* LaunchScreen.storyboard */; };
		1B00253220102F5E00627FB8 /* Coffee_OrderingTests.swift in Sources */ = {isa = PBXBuildFile; fileRef = 1B00253120102F5E00627FB8 /* Coffee_OrderingTests.swift */; };
		1B00253D20102F5E00627FB8 /* Coffee_OrderingUITests.swift in Sources */ = {isa = PBXBuildFile; fileRef = 1B00253C20102F5E00627FB8 /* Coffee_OrderingUITests.swift */; };
		1B0025512010469D00627FB8 /* ExpandableArray.swift in Sources */ = {isa = PBXBuildFile; fileRef = 1B0025502010469D00627FB8 /* ExpandableArray.swift */; };
		1B194DEE204B2E6E004A0485 /* OrderItem.swift in Sources */ = {isa = PBXBuildFile; fileRef = 1B194DED204B2E6E004A0485 /* OrderItem.swift */; };
		1B194DF0204B2FBB004A0485 /* DrinkItem.swift in Sources */ = {isa = PBXBuildFile; fileRef = 1B194DEF204B2FBB004A0485 /* DrinkItem.swift */; };
		1B1E10D6207D0ABF006FB0B2 /* CheckoutTableViewController.swift in Sources */ = {isa = PBXBuildFile; fileRef = 1B1E10D5207D0ABF006FB0B2 /* CheckoutTableViewController.swift */; };
		1B1E10D8207EE721006FB0B2 /* HomeViewController.swift in Sources */ = {isa = PBXBuildFile; fileRef = 1B1E10D7207EE721006FB0B2 /* HomeViewController.swift */; };
		1B3B8CE8206A79B400EED189 /* DrinkDetailViewController.swift in Sources */ = {isa = PBXBuildFile; fileRef = 1B3B8CE7206A79B400EED189 /* DrinkDetailViewController.swift */; };
		1B4D78942020CF1A00A8490F /* CheckOutTableViewCell.swift in Sources */ = {isa = PBXBuildFile; fileRef = 1B4D78932020CF1A00A8490F /* CheckOutTableViewCell.swift */; };
		1B4D78962020CF3000A8490F /* TotalCartTableViewCell.swift in Sources */ = {isa = PBXBuildFile; fileRef = 1B4D78952020CF3000A8490F /* TotalCartTableViewCell.swift */; };
		1BA04A3320137EBF00EEEAB9 /* GoogleService-Info.plist in Resources */ = {isa = PBXBuildFile; fileRef = 1BA04A3220137EBF00EEEAB9 /* GoogleService-Info.plist */; };
		1BA04A372013803A00EEEAB9 /* MenuItem.swift in Sources */ = {isa = PBXBuildFile; fileRef = 1BA04A362013803A00EEEAB9 /* MenuItem.swift */; };
		1BA1078D201393570022B523 /* MenuItemTableViewCell.swift in Sources */ = {isa = PBXBuildFile; fileRef = 1BA1078C201393570022B523 /* MenuItemTableViewCell.swift */; };
		1BA107CB2013EA390022B523 /* MenuTableViewController.swift in Sources */ = {isa = PBXBuildFile; fileRef = 1BA107CA2013EA390022B523 /* MenuTableViewController.swift */; };
		1BA107CD201545500022B523 /* ExpandableHeaderView.swift in Sources */ = {isa = PBXBuildFile; fileRef = 1BA107CC201545500022B523 /* ExpandableHeaderView.swift */; };
		1BA107CF201A26FC0022B523 /* DetailViewController.swift in Sources */ = {isa = PBXBuildFile; fileRef = 1BA107CE201A26FC0022B523 /* DetailViewController.swift */; };
		1BE8CA97201E312A00A31233 /* ShoppingBagTableViewController.swift in Sources */ = {isa = PBXBuildFile; fileRef = 1BE8CA96201E312A00A31233 /* ShoppingBagTableViewController.swift */; };
		2FD5E93066C972F79E5C1A78 /* Pods_Coffee_Ordering.framework in Frameworks */ = {isa = PBXBuildFile; fileRef = 8BDADD09ACA53310440FE748 /* Pods_Coffee_Ordering.framework */; };
		A856621E40D567B14DA77EFF /* Pods_Coffee_OrderingUITests.framework in Frameworks */ = {isa = PBXBuildFile; fileRef = E25C329BCA4BE21A309C8643 /* Pods_Coffee_OrderingUITests.framework */; };
		ADB94F31C291DFB623305AFF /* Pods_Coffee_OrderingTests.framework in Frameworks */ = {isa = PBXBuildFile; fileRef = 1F21BE9EC840485D6C79B779 /* Pods_Coffee_OrderingTests.framework */; };
/* End PBXBuildFile section */

/* Begin PBXContainerItemProxy section */
		1B00252E20102F5E00627FB8 /* PBXContainerItemProxy */ = {
			isa = PBXContainerItemProxy;
			containerPortal = 1B00251120102F5E00627FB8 /* Project object */;
			proxyType = 1;
			remoteGlobalIDString = 1B00251820102F5E00627FB8;
			remoteInfo = Coffee_Ordering;
		};
		1B00253920102F5E00627FB8 /* PBXContainerItemProxy */ = {
			isa = PBXContainerItemProxy;
			containerPortal = 1B00251120102F5E00627FB8 /* Project object */;
			proxyType = 1;
			remoteGlobalIDString = 1B00251820102F5E00627FB8;
			remoteInfo = Coffee_Ordering;
		};
/* End PBXContainerItemProxy section */

/* Begin PBXFileReference section */
		1B00251920102F5E00627FB8 /* Coffee_Ordering.app */ = {isa = PBXFileReference; explicitFileType = wrapper.application; includeInIndex = 0; path = Coffee_Ordering.app; sourceTree = BUILT_PRODUCTS_DIR; };
		1B00251C20102F5E00627FB8 /* AppDelegate.swift */ = {isa = PBXFileReference; lastKnownFileType = sourcecode.swift; path = AppDelegate.swift; sourceTree = "<group>"; };
		1B00251E20102F5E00627FB8 /* ViewController.swift */ = {isa = PBXFileReference; lastKnownFileType = sourcecode.swift; path = ViewController.swift; sourceTree = "<group>"; };
		1B00252120102F5E00627FB8 /* Base */ = {isa = PBXFileReference; lastKnownFileType = file.storyboard; name = Base; path = Base.lproj/Main.storyboard; sourceTree = "<group>"; };
		1B00252320102F5E00627FB8 /* Assets.xcassets */ = {isa = PBXFileReference; lastKnownFileType = folder.assetcatalog; path = Assets.xcassets; sourceTree = "<group>"; };
		1B00252620102F5E00627FB8 /* Base */ = {isa = PBXFileReference; lastKnownFileType = file.storyboard; name = Base; path = Base.lproj/LaunchScreen.storyboard; sourceTree = "<group>"; };
		1B00252820102F5E00627FB8 /* Info.plist */ = {isa = PBXFileReference; lastKnownFileType = text.plist.xml; path = Info.plist; sourceTree = "<group>"; };
		1B00252D20102F5E00627FB8 /* Coffee_OrderingTests.xctest */ = {isa = PBXFileReference; explicitFileType = wrapper.cfbundle; includeInIndex = 0; path = Coffee_OrderingTests.xctest; sourceTree = BUILT_PRODUCTS_DIR; };
		1B00253120102F5E00627FB8 /* Coffee_OrderingTests.swift */ = {isa = PBXFileReference; lastKnownFileType = sourcecode.swift; path = Coffee_OrderingTests.swift; sourceTree = "<group>"; };
		1B00253320102F5E00627FB8 /* Info.plist */ = {isa = PBXFileReference; lastKnownFileType = text.plist.xml; path = Info.plist; sourceTree = "<group>"; };
		1B00253820102F5E00627FB8 /* Coffee_OrderingUITests.xctest */ = {isa = PBXFileReference; explicitFileType = wrapper.cfbundle; includeInIndex = 0; path = Coffee_OrderingUITests.xctest; sourceTree = BUILT_PRODUCTS_DIR; };
		1B00253C20102F5E00627FB8 /* Coffee_OrderingUITests.swift */ = {isa = PBXFileReference; lastKnownFileType = sourcecode.swift; path = Coffee_OrderingUITests.swift; sourceTree = "<group>"; };
		1B00253E20102F5E00627FB8 /* Info.plist */ = {isa = PBXFileReference; lastKnownFileType = text.plist.xml; path = Info.plist; sourceTree = "<group>"; };
		1B0025502010469D00627FB8 /* ExpandableArray.swift */ = {isa = PBXFileReference; fileEncoding = 4; lastKnownFileType = sourcecode.swift; path = ExpandableArray.swift; sourceTree = "<group>"; };
		1B194DED204B2E6E004A0485 /* OrderItem.swift */ = {isa = PBXFileReference; fileEncoding = 4; lastKnownFileType = sourcecode.swift; path = OrderItem.swift; sourceTree = "<group>"; };
		1B194DEF204B2FBB004A0485 /* DrinkItem.swift */ = {isa = PBXFileReference; fileEncoding = 4; lastKnownFileType = sourcecode.swift; path = DrinkItem.swift; sourceTree = "<group>"; };
		1B1E10D5207D0ABF006FB0B2 /* CheckoutTableViewController.swift */ = {isa = PBXFileReference; fileEncoding = 4; lastKnownFileType = sourcecode.swift; path = CheckoutTableViewController.swift; sourceTree = "<group>"; };
		1B1E10D7207EE721006FB0B2 /* HomeViewController.swift */ = {isa = PBXFileReference; fileEncoding = 4; lastKnownFileType = sourcecode.swift; path = HomeViewController.swift; sourceTree = "<group>"; };
		1B3B8CE7206A79B400EED189 /* DrinkDetailViewController.swift */ = {isa = PBXFileReference; fileEncoding = 4; lastKnownFileType = sourcecode.swift; path = DrinkDetailViewController.swift; sourceTree = "<group>"; };
		1B4D78932020CF1A00A8490F /* CheckOutTableViewCell.swift */ = {isa = PBXFileReference; fileEncoding = 4; lastKnownFileType = sourcecode.swift; path = CheckOutTableViewCell.swift; sourceTree = "<group>"; };
		1B4D78952020CF3000A8490F /* TotalCartTableViewCell.swift */ = {isa = PBXFileReference; fileEncoding = 4; lastKnownFileType = sourcecode.swift; path = TotalCartTableViewCell.swift; sourceTree = "<group>"; };
		1BA04A3220137EBF00EEEAB9 /* GoogleService-Info.plist */ = {isa = PBXFileReference; fileEncoding = 4; lastKnownFileType = text.plist.xml; path = "GoogleService-Info.plist"; sourceTree = "<group>"; };
		1BA04A362013803A00EEEAB9 /* MenuItem.swift */ = {isa = PBXFileReference; fileEncoding = 4; lastKnownFileType = sourcecode.swift; path = MenuItem.swift; sourceTree = "<group>"; };
		1BA1078C201393570022B523 /* MenuItemTableViewCell.swift */ = {isa = PBXFileReference; fileEncoding = 4; lastKnownFileType = sourcecode.swift; path = MenuItemTableViewCell.swift; sourceTree = "<group>"; };
		1BA107CA2013EA390022B523 /* MenuTableViewController.swift */ = {isa = PBXFileReference; fileEncoding = 4; lastKnownFileType = sourcecode.swift; path = MenuTableViewController.swift; sourceTree = "<group>"; };
		1BA107CC201545500022B523 /* ExpandableHeaderView.swift */ = {isa = PBXFileReference; fileEncoding = 4; lastKnownFileType = sourcecode.swift; path = ExpandableHeaderView.swift; sourceTree = "<group>"; };
		1BA107CE201A26FC0022B523 /* DetailViewController.swift */ = {isa = PBXFileReference; fileEncoding = 4; lastKnownFileType = sourcecode.swift; path = DetailViewController.swift; sourceTree = "<group>"; };
		1BE8CA96201E312A00A31233 /* ShoppingBagTableViewController.swift */ = {isa = PBXFileReference; fileEncoding = 4; lastKnownFileType = sourcecode.swift; path = ShoppingBagTableViewController.swift; sourceTree = "<group>"; };
		1F21BE9EC840485D6C79B779 /* Pods_Coffee_OrderingTests.framework */ = {isa = PBXFileReference; explicitFileType = wrapper.framework; includeInIndex = 0; path = Pods_Coffee_OrderingTests.framework; sourceTree = BUILT_PRODUCTS_DIR; };
		25FBE3BFFFBF71395EBBE48F /* Pods-Coffee_OrderingUITests.release.xcconfig */ = {isa = PBXFileReference; includeInIndex = 1; lastKnownFileType = text.xcconfig; name = "Pods-Coffee_OrderingUITests.release.xcconfig"; path = "Pods/Target Support Files/Pods-Coffee_OrderingUITests/Pods-Coffee_OrderingUITests.release.xcconfig"; sourceTree = "<group>"; };
		549EACC93B8D0A5C269587E7 /* Pods-Coffee_OrderingTests.debug.xcconfig */ = {isa = PBXFileReference; includeInIndex = 1; lastKnownFileType = text.xcconfig; name = "Pods-Coffee_OrderingTests.debug.xcconfig"; path = "Pods/Target Support Files/Pods-Coffee_OrderingTests/Pods-Coffee_OrderingTests.debug.xcconfig"; sourceTree = "<group>"; };
		80014640018B9572C150F17B /* Pods-Coffee_Ordering.debug.xcconfig */ = {isa = PBXFileReference; includeInIndex = 1; lastKnownFileType = text.xcconfig; name = "Pods-Coffee_Ordering.debug.xcconfig"; path = "Pods/Target Support Files/Pods-Coffee_Ordering/Pods-Coffee_Ordering.debug.xcconfig"; sourceTree = "<group>"; };
		8BDADD09ACA53310440FE748 /* Pods_Coffee_Ordering.framework */ = {isa = PBXFileReference; explicitFileType = wrapper.framework; includeInIndex = 0; path = Pods_Coffee_Ordering.framework; sourceTree = BUILT_PRODUCTS_DIR; };
		C1C2C911FAE7C5BAE6C45708 /* Pods-Coffee_OrderingUITests.debug.xcconfig */ = {isa = PBXFileReference; includeInIndex = 1; lastKnownFileType = text.xcconfig; name = "Pods-Coffee_OrderingUITests.debug.xcconfig"; path = "Pods/Target Support Files/Pods-Coffee_OrderingUITests/Pods-Coffee_OrderingUITests.debug.xcconfig"; sourceTree = "<group>"; };
		DC12353058CF836007274D33 /* Pods-Coffee_OrderingTests.release.xcconfig */ = {isa = PBXFileReference; includeInIndex = 1; lastKnownFileType = text.xcconfig; name = "Pods-Coffee_OrderingTests.release.xcconfig"; path = "Pods/Target Support Files/Pods-Coffee_OrderingTests/Pods-Coffee_OrderingTests.release.xcconfig"; sourceTree = "<group>"; };
		E25C329BCA4BE21A309C8643 /* Pods_Coffee_OrderingUITests.framework */ = {isa = PBXFileReference; explicitFileType = wrapper.framework; includeInIndex = 0; path = Pods_Coffee_OrderingUITests.framework; sourceTree = BUILT_PRODUCTS_DIR; };
		EE5C78BDD44E3E565ABA326F /* Pods-Coffee_Ordering.release.xcconfig */ = {isa = PBXFileReference; includeInIndex = 1; lastKnownFileType = text.xcconfig; name = "Pods-Coffee_Ordering.release.xcconfig"; path = "Pods/Target Support Files/Pods-Coffee_Ordering/Pods-Coffee_Ordering.release.xcconfig"; sourceTree = "<group>"; };
/* End PBXFileReference section */

/* Begin PBXFrameworksBuildPhase section */
		1B00251620102F5E00627FB8 /* Frameworks */ = {
			isa = PBXFrameworksBuildPhase;
			buildActionMask = 2147483647;
			files = (
				2FD5E93066C972F79E5C1A78 /* Pods_Coffee_Ordering.framework in Frameworks */,
			);
			runOnlyForDeploymentPostprocessing = 0;
		};
		1B00252A20102F5E00627FB8 /* Frameworks */ = {
			isa = PBXFrameworksBuildPhase;
			buildActionMask = 2147483647;
			files = (
				ADB94F31C291DFB623305AFF /* Pods_Coffee_OrderingTests.framework in Frameworks */,
			);
			runOnlyForDeploymentPostprocessing = 0;
		};
		1B00253520102F5E00627FB8 /* Frameworks */ = {
			isa = PBXFrameworksBuildPhase;
			buildActionMask = 2147483647;
			files = (
				A856621E40D567B14DA77EFF /* Pods_Coffee_OrderingUITests.framework in Frameworks */,
			);
			runOnlyForDeploymentPostprocessing = 0;
		};
/* End PBXFrameworksBuildPhase section */

/* Begin PBXGroup section */
		1B00251020102F5E00627FB8 = {
			isa = PBXGroup;
			children = (
				1B1E10D7207EE721006FB0B2 /* HomeViewController.swift */,
				1B00251B20102F5E00627FB8 /* Coffee_Ordering */,
				1B00253020102F5E00627FB8 /* Coffee_OrderingTests */,
				1B00253B20102F5E00627FB8 /* Coffee_OrderingUITests */,
				1B00251A20102F5E00627FB8 /* Products */,
				6A90CD0EB8815265C4B4B65D /* Pods */,
				5CCBAAB88B28D2F4D45FFF23 /* Frameworks */,
			);
			sourceTree = "<group>";
		};
		1B00251A20102F5E00627FB8 /* Products */ = {
			isa = PBXGroup;
			children = (
				1B00251920102F5E00627FB8 /* Coffee_Ordering.app */,
				1B00252D20102F5E00627FB8 /* Coffee_OrderingTests.xctest */,
				1B00253820102F5E00627FB8 /* Coffee_OrderingUITests.xctest */,
			);
			name = Products;
			sourceTree = "<group>";
		};
		1B00251B20102F5E00627FB8 /* Coffee_Ordering */ = {
			isa = PBXGroup;
			children = (
				1BA04A3220137EBF00EEEAB9 /* GoogleService-Info.plist */,
				1B00251C20102F5E00627FB8 /* AppDelegate.swift */,
				1B00251E20102F5E00627FB8 /* ViewController.swift */,
				1BA107CE201A26FC0022B523 /* DetailViewController.swift */,
				1B1E10D5207D0ABF006FB0B2 /* CheckoutTableViewController.swift */,
				1B3B8CE7206A79B400EED189 /* DrinkDetailViewController.swift */,
				1BE8CA96201E312A00A31233 /* ShoppingBagTableViewController.swift */,
				1B4D78932020CF1A00A8490F /* CheckOutTableViewCell.swift */,
				1B4D78952020CF3000A8490F /* TotalCartTableViewCell.swift */,
				1BA107CA2013EA390022B523 /* MenuTableViewController.swift */,
				1BA1078C201393570022B523 /* MenuItemTableViewCell.swift */,
				1B0025502010469D00627FB8 /* ExpandableArray.swift */,
				1B00252020102F5E00627FB8 /* Main.storyboard */,
				1B00252320102F5E00627FB8 /* Assets.xcassets */,
				1B00252520102F5E00627FB8 /* LaunchScreen.storyboard */,
				1B00252820102F5E00627FB8 /* Info.plist */,
				1BA04A362013803A00EEEAB9 /* MenuItem.swift */,
				1BA107CC201545500022B523 /* ExpandableHeaderView.swift */,
				1B194DED204B2E6E004A0485 /* OrderItem.swift */,
				1B194DEF204B2FBB004A0485 /* DrinkItem.swift */,
			);
			path = Coffee_Ordering;
			sourceTree = "<group>";
		};
		1B00253020102F5E00627FB8 /* Coffee_OrderingTests */ = {
			isa = PBXGroup;
			children = (
				1B00253120102F5E00627FB8 /* Coffee_OrderingTests.swift */,
				1B00253320102F5E00627FB8 /* Info.plist */,
			);
			path = Coffee_OrderingTests;
			sourceTree = "<group>";
		};
		1B00253B20102F5E00627FB8 /* Coffee_OrderingUITests */ = {
			isa = PBXGroup;
			children = (
				1B00253C20102F5E00627FB8 /* Coffee_OrderingUITests.swift */,
				1B00253E20102F5E00627FB8 /* Info.plist */,
			);
			path = Coffee_OrderingUITests;
			sourceTree = "<group>";
		};
		5CCBAAB88B28D2F4D45FFF23 /* Frameworks */ = {
			isa = PBXGroup;
			children = (
				8BDADD09ACA53310440FE748 /* Pods_Coffee_Ordering.framework */,
				1F21BE9EC840485D6C79B779 /* Pods_Coffee_OrderingTests.framework */,
				E25C329BCA4BE21A309C8643 /* Pods_Coffee_OrderingUITests.framework */,
			);
			name = Frameworks;
			sourceTree = "<group>";
		};
		6A90CD0EB8815265C4B4B65D /* Pods */ = {
			isa = PBXGroup;
			children = (
				80014640018B9572C150F17B /* Pods-Coffee_Ordering.debug.xcconfig */,
				EE5C78BDD44E3E565ABA326F /* Pods-Coffee_Ordering.release.xcconfig */,
				549EACC93B8D0A5C269587E7 /* Pods-Coffee_OrderingTests.debug.xcconfig */,
				DC12353058CF836007274D33 /* Pods-Coffee_OrderingTests.release.xcconfig */,
				C1C2C911FAE7C5BAE6C45708 /* Pods-Coffee_OrderingUITests.debug.xcconfig */,
				25FBE3BFFFBF71395EBBE48F /* Pods-Coffee_OrderingUITests.release.xcconfig */,
			);
			name = Pods;
			sourceTree = "<group>";
		};
/* End PBXGroup section */

/* Begin PBXNativeTarget section */
		1B00251820102F5E00627FB8 /* Coffee_Ordering */ = {
			isa = PBXNativeTarget;
			buildConfigurationList = 1B00254120102F5E00627FB8 /* Build configuration list for PBXNativeTarget "Coffee_Ordering" */;
			buildPhases = (
				0E6DF57F3A84BB7EE71DDCCD /* [CP] Check Pods Manifest.lock */,
				1B00251520102F5E00627FB8 /* Sources */,
				1B00251620102F5E00627FB8 /* Frameworks */,
				1B00251720102F5E00627FB8 /* Resources */,
				5CA8D133CDBCBCA8E1B27455 /* [CP] Embed Pods Frameworks */,
				5C8677B0E2DF9B8E61832569 /* [CP] Copy Pods Resources */,
			);
			buildRules = (
			);
			dependencies = (
			);
			name = Coffee_Ordering;
			productName = Coffee_Ordering;
			productReference = 1B00251920102F5E00627FB8 /* Coffee_Ordering.app */;
			productType = "com.apple.product-type.application";
		};
		1B00252C20102F5E00627FB8 /* Coffee_OrderingTests */ = {
			isa = PBXNativeTarget;
			buildConfigurationList = 1B00254420102F5E00627FB8 /* Build configuration list for PBXNativeTarget "Coffee_OrderingTests" */;
			buildPhases = (
				ED2D7C6EA1C4D6CDFEBF15C9 /* [CP] Check Pods Manifest.lock */,
				1B00252920102F5E00627FB8 /* Sources */,
				1B00252A20102F5E00627FB8 /* Frameworks */,
				1B00252B20102F5E00627FB8 /* Resources */,
				D754679A9ED188D95E8CB4CD /* [CP] Embed Pods Frameworks */,
				8668C9AD398DC118C2FDD7F7 /* [CP] Copy Pods Resources */,
			);
			buildRules = (
			);
			dependencies = (
				1B00252F20102F5E00627FB8 /* PBXTargetDependency */,
			);
			name = Coffee_OrderingTests;
			productName = Coffee_OrderingTests;
			productReference = 1B00252D20102F5E00627FB8 /* Coffee_OrderingTests.xctest */;
			productType = "com.apple.product-type.bundle.unit-test";
		};
		1B00253720102F5E00627FB8 /* Coffee_OrderingUITests */ = {
			isa = PBXNativeTarget;
			buildConfigurationList = 1B00254720102F5E00627FB8 /* Build configuration list for PBXNativeTarget "Coffee_OrderingUITests" */;
			buildPhases = (
				80D1E7B9A018A799401582B0 /* [CP] Check Pods Manifest.lock */,
				1B00253420102F5E00627FB8 /* Sources */,
				1B00253520102F5E00627FB8 /* Frameworks */,
				1B00253620102F5E00627FB8 /* Resources */,
				1DCFE5E90F9A4BC3EA0470E7 /* [CP] Embed Pods Frameworks */,
				C01908F57F76D38594592873 /* [CP] Copy Pods Resources */,
			);
			buildRules = (
			);
			dependencies = (
				1B00253A20102F5E00627FB8 /* PBXTargetDependency */,
			);
			name = Coffee_OrderingUITests;
			productName = Coffee_OrderingUITests;
			productReference = 1B00253820102F5E00627FB8 /* Coffee_OrderingUITests.xctest */;
			productType = "com.apple.product-type.bundle.ui-testing";
		};
/* End PBXNativeTarget section */

/* Begin PBXProject section */
		1B00251120102F5E00627FB8 /* Project object */ = {
			isa = PBXProject;
			attributes = {
				LastSwiftUpdateCheck = 0820;
				LastUpgradeCheck = 0820;
				ORGANIZATIONNAME = "Kateryna Kononenko";
				TargetAttributes = {
					1B00251820102F5E00627FB8 = {
						CreatedOnToolsVersion = 8.2.1;
						LastSwiftMigration = 0820;
						ProvisioningStyle = Automatic;
					};
					1B00252C20102F5E00627FB8 = {
						CreatedOnToolsVersion = 8.2.1;
						ProvisioningStyle = Automatic;
						TestTargetID = 1B00251820102F5E00627FB8;
					};
					1B00253720102F5E00627FB8 = {
						CreatedOnToolsVersion = 8.2.1;
						ProvisioningStyle = Automatic;
						TestTargetID = 1B00251820102F5E00627FB8;
					};
				};
			};
			buildConfigurationList = 1B00251420102F5E00627FB8 /* Build configuration list for PBXProject "Coffee_Ordering" */;
			compatibilityVersion = "Xcode 3.2";
			developmentRegion = English;
			hasScannedForEncodings = 0;
			knownRegions = (
				en,
				Base,
			);
			mainGroup = 1B00251020102F5E00627FB8;
			productRefGroup = 1B00251A20102F5E00627FB8 /* Products */;
			projectDirPath = "";
			projectRoot = "";
			targets = (
				1B00251820102F5E00627FB8 /* Coffee_Ordering */,
				1B00252C20102F5E00627FB8 /* Coffee_OrderingTests */,
				1B00253720102F5E00627FB8 /* Coffee_OrderingUITests */,
			);
		};
/* End PBXProject section */

/* Begin PBXResourcesBuildPhase section */
		1B00251720102F5E00627FB8 /* Resources */ = {
			isa = PBXResourcesBuildPhase;
			buildActionMask = 2147483647;
			files = (
				1B00252720102F5E00627FB8 /* LaunchScreen.storyboard in Resources */,
				1BA04A3320137EBF00EEEAB9 /* GoogleService-Info.plist in Resources */,
				1B00252420102F5E00627FB8 /* Assets.xcassets in Resources */,
				1B00252220102F5E00627FB8 /* Main.storyboard in Resources */,
			);
			runOnlyForDeploymentPostprocessing = 0;
		};
		1B00252B20102F5E00627FB8 /* Resources */ = {
			isa = PBXResourcesBuildPhase;
			buildActionMask = 2147483647;
			files = (
			);
			runOnlyForDeploymentPostprocessing = 0;
		};
		1B00253620102F5E00627FB8 /* Resources */ = {
			isa = PBXResourcesBuildPhase;
			buildActionMask = 2147483647;
			files = (
			);
			runOnlyForDeploymentPostprocessing = 0;
		};
/* End PBXResourcesBuildPhase section */

/* Begin PBXShellScriptBuildPhase section */
		0E6DF57F3A84BB7EE71DDCCD /* [CP] Check Pods Manifest.lock */ = {
			isa = PBXShellScriptBuildPhase;
			buildActionMask = 2147483647;
			files = (
			);
			inputPaths = (
				"${PODS_PODFILE_DIR_PATH}/Podfile.lock",
				"${PODS_ROOT}/Manifest.lock",
			);
			name = "[CP] Check Pods Manifest.lock";
			outputPaths = (
				"$(DERIVED_FILE_DIR)/Pods-Coffee_Ordering-checkManifestLockResult.txt",
			);
			runOnlyForDeploymentPostprocessing = 0;
			shellPath = /bin/sh;
			shellScript = "diff \"${PODS_PODFILE_DIR_PATH}/Podfile.lock\" \"${PODS_ROOT}/Manifest.lock\" > /dev/null\nif [ $? != 0 ] ; then\n    # print error to STDERR\n    echo \"error: The sandbox is not in sync with the Podfile.lock. Run 'pod install' or update your CocoaPods installation.\" >&2\n    exit 1\nfi\n# This output is used by Xcode 'outputs' to avoid re-running this script phase.\necho \"SUCCESS\" > \"${SCRIPT_OUTPUT_FILE_0}\"\n";
			showEnvVarsInLog = 0;
		};
		1DCFE5E90F9A4BC3EA0470E7 /* [CP] Embed Pods Frameworks */ = {
			isa = PBXShellScriptBuildPhase;
			buildActionMask = 2147483647;
			files = (
			);
			inputPaths = (
				"${SRCROOT}/Pods/Target Support Files/Pods-Coffee_OrderingUITests/Pods-Coffee_OrderingUITests-frameworks.sh",
				"${BUILT_PRODUCTS_DIR}/Realm/Realm.framework",
				"${BUILT_PRODUCTS_DIR}/RealmSwift/RealmSwift.framework",
			);
			name = "[CP] Embed Pods Frameworks";
			outputPaths = (
				"${TARGET_BUILD_DIR}/${FRAMEWORKS_FOLDER_PATH}/Realm.framework",
				"${TARGET_BUILD_DIR}/${FRAMEWORKS_FOLDER_PATH}/RealmSwift.framework",
			);
			runOnlyForDeploymentPostprocessing = 0;
			shellPath = /bin/sh;
			shellScript = "\"${SRCROOT}/Pods/Target Support Files/Pods-Coffee_OrderingUITests/Pods-Coffee_OrderingUITests-frameworks.sh\"\n";
			showEnvVarsInLog = 0;
		};
		5C8677B0E2DF9B8E61832569 /* [CP] Copy Pods Resources */ = {
			isa = PBXShellScriptBuildPhase;
			buildActionMask = 2147483647;
			files = (
			);
			inputPaths = (
			);
			name = "[CP] Copy Pods Resources";
			outputPaths = (
			);
			runOnlyForDeploymentPostprocessing = 0;
			shellPath = /bin/sh;
			shellScript = "\"${SRCROOT}/Pods/Target Support Files/Pods-Coffee_Ordering/Pods-Coffee_Ordering-resources.sh\"\n";
			showEnvVarsInLog = 0;
		};
		5CA8D133CDBCBCA8E1B27455 /* [CP] Embed Pods Frameworks */ = {
			isa = PBXShellScriptBuildPhase;
			buildActionMask = 2147483647;
			files = (
			);
			inputPaths = (
				"${SRCROOT}/Pods/Target Support Files/Pods-Coffee_Ordering/Pods-Coffee_Ordering-frameworks.sh",
				"${BUILT_PRODUCTS_DIR}/BoringSSL/openssl.framework",
				"${BUILT_PRODUCTS_DIR}/GoogleToolboxForMac/GoogleToolboxForMac.framework",
				"${BUILT_PRODUCTS_DIR}/Protobuf/Protobuf.framework",
				"${BUILT_PRODUCTS_DIR}/Stripe/Stripe.framework",
				"${BUILT_PRODUCTS_DIR}/SwiftyJSON/SwiftyJSON.framework",
				"${BUILT_PRODUCTS_DIR}/gRPC/GRPCClient.framework",
				"${BUILT_PRODUCTS_DIR}/gRPC-Core/grpc.framework",
				"${BUILT_PRODUCTS_DIR}/gRPC-ProtoRPC/ProtoRPC.framework",
				"${BUILT_PRODUCTS_DIR}/gRPC-RxLibrary/RxLibrary.framework",
				"${BUILT_PRODUCTS_DIR}/leveldb-library/leveldb.framework",
				"${BUILT_PRODUCTS_DIR}/nanopb/nanopb.framework",
			);
			name = "[CP] Embed Pods Frameworks";
			outputPaths = (
				"${TARGET_BUILD_DIR}/${FRAMEWORKS_FOLDER_PATH}/openssl.framework",
				"${TARGET_BUILD_DIR}/${FRAMEWORKS_FOLDER_PATH}/GoogleToolboxForMac.framework",
				"${TARGET_BUILD_DIR}/${FRAMEWORKS_FOLDER_PATH}/Protobuf.framework",
				"${TARGET_BUILD_DIR}/${FRAMEWORKS_FOLDER_PATH}/Stripe.framework",
				"${TARGET_BUILD_DIR}/${FRAMEWORKS_FOLDER_PATH}/SwiftyJSON.framework",
				"${TARGET_BUILD_DIR}/${FRAMEWORKS_FOLDER_PATH}/GRPCClient.framework",
				"${TARGET_BUILD_DIR}/${FRAMEWORKS_FOLDER_PATH}/grpc.framework",
				"${TARGET_BUILD_DIR}/${FRAMEWORKS_FOLDER_PATH}/ProtoRPC.framework",
				"${TARGET_BUILD_DIR}/${FRAMEWORKS_FOLDER_PATH}/RxLibrary.framework",
				"${TARGET_BUILD_DIR}/${FRAMEWORKS_FOLDER_PATH}/leveldb.framework",
				"${TARGET_BUILD_DIR}/${FRAMEWORKS_FOLDER_PATH}/nanopb.framework",
			);
			runOnlyForDeploymentPostprocessing = 0;
			shellPath = /bin/sh;
			shellScript = "\"${SRCROOT}/Pods/Target Support Files/Pods-Coffee_Ordering/Pods-Coffee_Ordering-frameworks.sh\"\n";
			showEnvVarsInLog = 0;
		};
		80D1E7B9A018A799401582B0 /* [CP] Check Pods Manifest.lock */ = {
			isa = PBXShellScriptBuildPhase;
			buildActionMask = 2147483647;
			files = (
			);
			inputPaths = (
				"${PODS_PODFILE_DIR_PATH}/Podfile.lock",
				"${PODS_ROOT}/Manifest.lock",
			);
			name = "[CP] Check Pods Manifest.lock";
			outputPaths = (
				"$(DERIVED_FILE_DIR)/Pods-Coffee_OrderingUITests-checkManifestLockResult.txt",
			);
			runOnlyForDeploymentPostprocessing = 0;
			shellPath = /bin/sh;
			shellScript = "diff \"${PODS_PODFILE_DIR_PATH}/Podfile.lock\" \"${PODS_ROOT}/Manifest.lock\" > /dev/null\nif [ $? != 0 ] ; then\n    # print error to STDERR\n    echo \"error: The sandbox is not in sync with the Podfile.lock. Run 'pod install' or update your CocoaPods installation.\" >&2\n    exit 1\nfi\n# This output is used by Xcode 'outputs' to avoid re-running this script phase.\necho \"SUCCESS\" > \"${SCRIPT_OUTPUT_FILE_0}\"\n";
			showEnvVarsInLog = 0;
		};
		8668C9AD398DC118C2FDD7F7 /* [CP] Copy Pods Resources */ = {
			isa = PBXShellScriptBuildPhase;
			buildActionMask = 2147483647;
			files = (
			);
			inputPaths = (
			);
			name = "[CP] Copy Pods Resources";
			outputPaths = (
			);
			runOnlyForDeploymentPostprocessing = 0;
			shellPath = /bin/sh;
			shellScript = "\"${SRCROOT}/Pods/Target Support Files/Pods-Coffee_OrderingTests/Pods-Coffee_OrderingTests-resources.sh\"\n";
			showEnvVarsInLog = 0;
		};
		C01908F57F76D38594592873 /* [CP] Copy Pods Resources */ = {
			isa = PBXShellScriptBuildPhase;
			buildActionMask = 2147483647;
			files = (
			);
			inputPaths = (
			);
			name = "[CP] Copy Pods Resources";
			outputPaths = (
			);
			runOnlyForDeploymentPostprocessing = 0;
			shellPath = /bin/sh;
			shellScript = "\"${SRCROOT}/Pods/Target Support Files/Pods-Coffee_OrderingUITests/Pods-Coffee_OrderingUITests-resources.sh\"\n";
			showEnvVarsInLog = 0;
		};
		D754679A9ED188D95E8CB4CD /* [CP] Embed Pods Frameworks */ = {
			isa = PBXShellScriptBuildPhase;
			buildActionMask = 2147483647;
			files = (
			);
			inputPaths = (
			);
			name = "[CP] Embed Pods Frameworks";
			outputPaths = (
			);
			runOnlyForDeploymentPostprocessing = 0;
			shellPath = /bin/sh;
			shellScript = "\"${SRCROOT}/Pods/Target Support Files/Pods-Coffee_OrderingTests/Pods-Coffee_OrderingTests-frameworks.sh\"\n";
			showEnvVarsInLog = 0;
		};
		ED2D7C6EA1C4D6CDFEBF15C9 /* [CP] Check Pods Manifest.lock */ = {
			isa = PBXShellScriptBuildPhase;
			buildActionMask = 2147483647;
			files = (
			);
			inputPaths = (
				"${PODS_PODFILE_DIR_PATH}/Podfile.lock",
				"${PODS_ROOT}/Manifest.lock",
			);
			name = "[CP] Check Pods Manifest.lock";
			outputPaths = (
				"$(DERIVED_FILE_DIR)/Pods-Coffee_OrderingTests-checkManifestLockResult.txt",
			);
			runOnlyForDeploymentPostprocessing = 0;
			shellPath = /bin/sh;
			shellScript = "diff \"${PODS_PODFILE_DIR_PATH}/Podfile.lock\" \"${PODS_ROOT}/Manifest.lock\" > /dev/null\nif [ $? != 0 ] ; then\n    # print error to STDERR\n    echo \"error: The sandbox is not in sync with the Podfile.lock. Run 'pod install' or update your CocoaPods installation.\" >&2\n    exit 1\nfi\n# This output is used by Xcode 'outputs' to avoid re-running this script phase.\necho \"SUCCESS\" > \"${SCRIPT_OUTPUT_FILE_0}\"\n";
			showEnvVarsInLog = 0;
		};
/* End PBXShellScriptBuildPhase section */

/* Begin PBXSourcesBuildPhase section */
		1B00251520102F5E00627FB8 /* Sources */ = {
			isa = PBXSourcesBuildPhase;
			buildActionMask = 2147483647;
			files = (
				1B00251F20102F5E00627FB8 /* ViewController.swift in Sources */,
				1BA107CD201545500022B523 /* ExpandableHeaderView.swift in Sources */,
				1B00251D20102F5E00627FB8 /* AppDelegate.swift in Sources */,
				1BA107CB2013EA390022B523 /* MenuTableViewController.swift in Sources */,
				1B3B8CE8206A79B400EED189 /* DrinkDetailViewController.swift in Sources */,
				1BE8CA97201E312A00A31233 /* ShoppingBagTableViewController.swift in Sources */,
				1B4D78962020CF3000A8490F /* TotalCartTableViewCell.swift in Sources */,
				1B0025512010469D00627FB8 /* ExpandableArray.swift in Sources */,
				1B1E10D6207D0ABF006FB0B2 /* CheckoutTableViewController.swift in Sources */,
				1BA04A372013803A00EEEAB9 /* MenuItem.swift in Sources */,
				1BA1078D201393570022B523 /* MenuItemTableViewCell.swift in Sources */,
				1B1E10D8207EE721006FB0B2 /* HomeViewController.swift in Sources */,
				1B194DEE204B2E6E004A0485 /* OrderItem.swift in Sources */,
				1BA107CF201A26FC0022B523 /* DetailViewController.swift in Sources */,
				1B194DF0204B2FBB004A0485 /* DrinkItem.swift in Sources */,
				1B4D78942020CF1A00A8490F /* CheckOutTableViewCell.swift in Sources */,
			);
			runOnlyForDeploymentPostprocessing = 0;
		};
		1B00252920102F5E00627FB8 /* Sources */ = {
			isa = PBXSourcesBuildPhase;
			buildActionMask = 2147483647;
			files = (
				1B00253220102F5E00627FB8 /* Coffee_OrderingTests.swift in Sources */,
			);
			runOnlyForDeploymentPostprocessing = 0;
		};
		1B00253420102F5E00627FB8 /* Sources */ = {
			isa = PBXSourcesBuildPhase;
			buildActionMask = 2147483647;
			files = (
				1B00253D20102F5E00627FB8 /* Coffee_OrderingUITests.swift in Sources */,
			);
			runOnlyForDeploymentPostprocessing = 0;
		};
/* End PBXSourcesBuildPhase section */

/* Begin PBXTargetDependency section */
		1B00252F20102F5E00627FB8 /* PBXTargetDependency */ = {
			isa = PBXTargetDependency;
			target = 1B00251820102F5E00627FB8 /* Coffee_Ordering */;
			targetProxy = 1B00252E20102F5E00627FB8 /* PBXContainerItemProxy */;
		};
		1B00253A20102F5E00627FB8 /* PBXTargetDependency */ = {
			isa = PBXTargetDependency;
			target = 1B00251820102F5E00627FB8 /* Coffee_Ordering */;
			targetProxy = 1B00253920102F5E00627FB8 /* PBXContainerItemProxy */;
		};
/* End PBXTargetDependency section */

/* Begin PBXVariantGroup section */
		1B00252020102F5E00627FB8 /* Main.storyboard */ = {
			isa = PBXVariantGroup;
			children = (
				1B00252120102F5E00627FB8 /* Base */,
			);
			name = Main.storyboard;
			sourceTree = "<group>";
		};
		1B00252520102F5E00627FB8 /* LaunchScreen.storyboard */ = {
			isa = PBXVariantGroup;
			children = (
				1B00252620102F5E00627FB8 /* Base */,
			);
			name = LaunchScreen.storyboard;
			sourceTree = "<group>";
		};
/* End PBXVariantGroup section */

/* Begin XCBuildConfiguration section */
		1B00253F20102F5E00627FB8 /* Debug */ = {
			isa = XCBuildConfiguration;
			buildSettings = {
				ALWAYS_SEARCH_USER_PATHS = NO;
				CLANG_ANALYZER_NONNULL = YES;
				CLANG_CXX_LANGUAGE_STANDARD = "gnu++0x";
				CLANG_CXX_LIBRARY = "libc++";
				CLANG_ENABLE_MODULES = YES;
				CLANG_ENABLE_OBJC_ARC = YES;
				CLANG_WARN_BOOL_CONVERSION = YES;
				CLANG_WARN_CONSTANT_CONVERSION = YES;
				CLANG_WARN_DIRECT_OBJC_ISA_USAGE = YES_ERROR;
				CLANG_WARN_DOCUMENTATION_COMMENTS = YES;
				CLANG_WARN_EMPTY_BODY = YES;
				CLANG_WARN_ENUM_CONVERSION = YES;
				CLANG_WARN_INFINITE_RECURSION = YES;
				CLANG_WARN_INT_CONVERSION = YES;
				CLANG_WARN_OBJC_ROOT_CLASS = YES_ERROR;
				CLANG_WARN_SUSPICIOUS_MOVE = YES;
				CLANG_WARN_UNREACHABLE_CODE = YES;
				CLANG_WARN__DUPLICATE_METHOD_MATCH = YES;
				"CODE_SIGN_IDENTITY[sdk=iphoneos*]" = "iPhone Developer";
				COPY_PHASE_STRIP = NO;
				DEBUG_INFORMATION_FORMAT = dwarf;
				ENABLE_STRICT_OBJC_MSGSEND = YES;
				ENABLE_TESTABILITY = YES;
				GCC_C_LANGUAGE_STANDARD = gnu99;
				GCC_DYNAMIC_NO_PIC = NO;
				GCC_NO_COMMON_BLOCKS = YES;
				GCC_OPTIMIZATION_LEVEL = 0;
				GCC_PREPROCESSOR_DEFINITIONS = (
					"DEBUG=1",
					"$(inherited)",
				);
				GCC_WARN_64_TO_32_BIT_CONVERSION = YES;
				GCC_WARN_ABOUT_RETURN_TYPE = YES_ERROR;
				GCC_WARN_UNDECLARED_SELECTOR = YES;
				GCC_WARN_UNINITIALIZED_AUTOS = YES_AGGRESSIVE;
				GCC_WARN_UNUSED_FUNCTION = YES;
				GCC_WARN_UNUSED_VARIABLE = YES;
				IPHONEOS_DEPLOYMENT_TARGET = 10.2;
				MTL_ENABLE_DEBUG_INFO = YES;
				ONLY_ACTIVE_ARCH = YES;
				SDKROOT = iphoneos;
				SWIFT_ACTIVE_COMPILATION_CONDITIONS = DEBUG;
				SWIFT_OPTIMIZATION_LEVEL = "-Onone";
			};
			name = Debug;
		};
		1B00254020102F5E00627FB8 /* Release */ = {
			isa = XCBuildConfiguration;
			buildSettings = {
				ALWAYS_SEARCH_USER_PATHS = NO;
				CLANG_ANALYZER_NONNULL = YES;
				CLANG_CXX_LANGUAGE_STANDARD = "gnu++0x";
				CLANG_CXX_LIBRARY = "libc++";
				CLANG_ENABLE_MODULES = YES;
				CLANG_ENABLE_OBJC_ARC = YES;
				CLANG_WARN_BOOL_CONVERSION = YES;
				CLANG_WARN_CONSTANT_CONVERSION = YES;
				CLANG_WARN_DIRECT_OBJC_ISA_USAGE = YES_ERROR;
				CLANG_WARN_DOCUMENTATION_COMMENTS = YES;
				CLANG_WARN_EMPTY_BODY = YES;
				CLANG_WARN_ENUM_CONVERSION = YES;
				CLANG_WARN_INFINITE_RECURSION = YES;
				CLANG_WARN_INT_CONVERSION = YES;
				CLANG_WARN_OBJC_ROOT_CLASS = YES_ERROR;
				CLANG_WARN_SUSPICIOUS_MOVE = YES;
				CLANG_WARN_UNREACHABLE_CODE = YES;
				CLANG_WARN__DUPLICATE_METHOD_MATCH = YES;
				"CODE_SIGN_IDENTITY[sdk=iphoneos*]" = "iPhone Developer";
				COPY_PHASE_STRIP = NO;
				DEBUG_INFORMATION_FORMAT = "dwarf-with-dsym";
				ENABLE_NS_ASSERTIONS = NO;
				ENABLE_STRICT_OBJC_MSGSEND = YES;
				GCC_C_LANGUAGE_STANDARD = gnu99;
				GCC_NO_COMMON_BLOCKS = YES;
				GCC_WARN_64_TO_32_BIT_CONVERSION = YES;
				GCC_WARN_ABOUT_RETURN_TYPE = YES_ERROR;
				GCC_WARN_UNDECLARED_SELECTOR = YES;
				GCC_WARN_UNINITIALIZED_AUTOS = YES_AGGRESSIVE;
				GCC_WARN_UNUSED_FUNCTION = YES;
				GCC_WARN_UNUSED_VARIABLE = YES;
				IPHONEOS_DEPLOYMENT_TARGET = 10.2;
				MTL_ENABLE_DEBUG_INFO = NO;
				SDKROOT = iphoneos;
				SWIFT_OPTIMIZATION_LEVEL = "-Owholemodule";
				VALIDATE_PRODUCT = YES;
			};
			name = Release;
		};
		1B00254220102F5E00627FB8 /* Debug */ = {
			isa = XCBuildConfiguration;
			baseConfigurationReference = 80014640018B9572C150F17B /* Pods-Coffee_Ordering.debug.xcconfig */;
			buildSettings = {
				ASSETCATALOG_COMPILER_APPICON_NAME = AppIcon;
				CLANG_ENABLE_MODULES = YES;
				INFOPLIST_FILE = Coffee_Ordering/Info.plist;
				LD_RUNPATH_SEARCH_PATHS = "$(inherited) @executable_path/Frameworks";
				PRODUCT_BUNDLE_IDENTIFIER = "me.Coffee-Ordering";
				PRODUCT_NAME = "$(TARGET_NAME)";
				SWIFT_OBJC_BRIDGING_HEADER = "Coffee_Ordering/Coffee_Ordering-Bridging-Header.h";
				SWIFT_OPTIMIZATION_LEVEL = "-Onone";
				SWIFT_VERSION = 3.0;
			};
			name = Debug;
		};
		1B00254320102F5E00627FB8 /* Release */ = {
			isa = XCBuildConfiguration;
			baseConfigurationReference = EE5C78BDD44E3E565ABA326F /* Pods-Coffee_Ordering.release.xcconfig */;
			buildSettings = {
				ASSETCATALOG_COMPILER_APPICON_NAME = AppIcon;
				CLANG_ENABLE_MODULES = YES;
				INFOPLIST_FILE = Coffee_Ordering/Info.plist;
				LD_RUNPATH_SEARCH_PATHS = "$(inherited) @executable_path/Frameworks";
				PRODUCT_BUNDLE_IDENTIFIER = "me.Coffee-Ordering";
				PRODUCT_NAME = "$(TARGET_NAME)";
				SWIFT_OBJC_BRIDGING_HEADER = "Coffee_Ordering/Coffee_Ordering-Bridging-Header.h";
				SWIFT_VERSION = 3.0;
			};
			name = Release;
		};
		1B00254520102F5E00627FB8 /* Debug */ = {
			isa = XCBuildConfiguration;
			baseConfigurationReference = 549EACC93B8D0A5C269587E7 /* Pods-Coffee_OrderingTests.debug.xcconfig */;
			buildSettings = {
				ALWAYS_EMBED_SWIFT_STANDARD_LIBRARIES = YES;
				BUNDLE_LOADER = "$(TEST_HOST)";
				INFOPLIST_FILE = Coffee_OrderingTests/Info.plist;
				LD_RUNPATH_SEARCH_PATHS = "$(inherited) @executable_path/Frameworks @loader_path/Frameworks";
				PRODUCT_BUNDLE_IDENTIFIER = "me.Coffee-OrderingTests";
				PRODUCT_NAME = "$(TARGET_NAME)";
				SWIFT_VERSION = 3.0;
				TEST_HOST = "$(BUILT_PRODUCTS_DIR)/Coffee_Ordering.app/Coffee_Ordering";
			};
			name = Debug;
		};
		1B00254620102F5E00627FB8 /* Release */ = {
			isa = XCBuildConfiguration;
			baseConfigurationReference = DC12353058CF836007274D33 /* Pods-Coffee_OrderingTests.release.xcconfig */;
			buildSettings = {
				ALWAYS_EMBED_SWIFT_STANDARD_LIBRARIES = YES;
				BUNDLE_LOADER = "$(TEST_HOST)";
				INFOPLIST_FILE = Coffee_OrderingTests/Info.plist;
				LD_RUNPATH_SEARCH_PATHS = "$(inherited) @executable_path/Frameworks @loader_path/Frameworks";
				PRODUCT_BUNDLE_IDENTIFIER = "me.Coffee-OrderingTests";
				PRODUCT_NAME = "$(TARGET_NAME)";
				SWIFT_VERSION = 3.0;
				TEST_HOST = "$(BUILT_PRODUCTS_DIR)/Coffee_Ordering.app/Coffee_Ordering";
			};
			name = Release;
		};
		1B00254820102F5E00627FB8 /* Debug */ = {
			isa = XCBuildConfiguration;
			baseConfigurationReference = C1C2C911FAE7C5BAE6C45708 /* Pods-Coffee_OrderingUITests.debug.xcconfig */;
			buildSettings = {
				ALWAYS_EMBED_SWIFT_STANDARD_LIBRARIES = YES;
				INFOPLIST_FILE = Coffee_OrderingUITests/Info.plist;
				LD_RUNPATH_SEARCH_PATHS = "$(inherited) @executable_path/Frameworks @loader_path/Frameworks";
				PRODUCT_BUNDLE_IDENTIFIER = "me.Coffee-OrderingUITests";
				PRODUCT_NAME = "$(TARGET_NAME)";
				SWIFT_VERSION = 3.0;
				TEST_TARGET_NAME = Coffee_Ordering;
			};
			name = Debug;
		};
		1B00254920102F5E00627FB8 /* Release */ = {
			isa = XCBuildConfiguration;
			baseConfigurationReference = 25FBE3BFFFBF71395EBBE48F /* Pods-Coffee_OrderingUITests.release.xcconfig */;
			buildSettings = {
				ALWAYS_EMBED_SWIFT_STANDARD_LIBRARIES = YES;
				INFOPLIST_FILE = Coffee_OrderingUITests/Info.plist;
				LD_RUNPATH_SEARCH_PATHS = "$(inherited) @executable_path/Frameworks @loader_path/Frameworks";
				PRODUCT_BUNDLE_IDENTIFIER = "me.Coffee-OrderingUITests";
				PRODUCT_NAME = "$(TARGET_NAME)";
				SWIFT_VERSION = 3.0;
				TEST_TARGET_NAME = Coffee_Ordering;
			};
			name = Release;
		};
/* End XCBuildConfiguration section */

/* Begin XCConfigurationList section */
		1B00251420102F5E00627FB8 /* Build configuration list for PBXProject "Coffee_Ordering" */ = {
			isa = XCConfigurationList;
			buildConfigurations = (
				1B00253F20102F5E00627FB8 /* Debug */,
				1B00254020102F5E00627FB8 /* Release */,
			);
			defaultConfigurationIsVisible = 0;
			defaultConfigurationName = Release;
		};
		1B00254120102F5E00627FB8 /* Build configuration list for PBXNativeTarget "Coffee_Ordering" */ = {
			isa = XCConfigurationList;
			buildConfigurations = (
				1B00254220102F5E00627FB8 /* Debug */,
				1B00254320102F5E00627FB8 /* Release */,
			);
			defaultConfigurationIsVisible = 0;
			defaultConfigurationName = Release;
		};
		1B00254420102F5E00627FB8 /* Build configuration list for PBXNativeTarget "Coffee_OrderingTests" */ = {
			isa = XCConfigurationList;
			buildConfigurations = (
				1B00254520102F5E00627FB8 /* Debug */,
				1B00254620102F5E00627FB8 /* Release */,
			);
			defaultConfigurationIsVisible = 0;
			defaultConfigurationName = Release;
		};
		1B00254720102F5E00627FB8 /* Build configuration list for PBXNativeTarget "Coffee_OrderingUITests" */ = {
			isa = XCConfigurationList;
			buildConfigurations = (
				1B00254820102F5E00627FB8 /* Debug */,
				1B00254920102F5E00627FB8 /* Release */,
			);
			defaultConfigurationIsVisible = 0;
			defaultConfigurationName = Release;
		};
/* End XCConfigurationList section */
	};
	rootObject = 1B00251120102F5E00627FB8 /* Project object */;
}
